{
  "name": "stackblitz-starters-xmqmtdsw",
  "lockfileVersion": 3,
  "requires": true,
  "packages": {
    "": {
      "dependencies": {
        "@stackblitz/sdk": "^1.11.0",
        "servor": "^4.0.2"
      }
    },
    "node_modules/@stackblitz/sdk": {
      "version": "1.11.0",
      "resolved": "https://registry.npmjs.org/@stackblitz/sdk/-/sdk-1.11.0.tgz",
      "integrity": "sha512-DFQGANNkEZRzFk1/rDP6TcFdM82ycHE+zfl9C/M/jXlH68jiqHWHFMQURLELoD8koxvu/eW5uhg94NSAZlYrUQ==",
      "license": "MIT"
    },
    "node_modules/servor": {
      "version": "4.0.2",
      "resolved": "https://registry.npmjs.org/servor/-/servor-4.0.2.tgz",
      "integrity": "sha512-MlmQ5Ntv4jDYUN060x/KEmN7emvIqKMZ9OkM+nY8Bf2+KkyLmGsTqWLyAN2cZr5oESAcH00UanUyyrlS1LRjFw==",
      "bin": {
        "servor": "cli.js"
      }
    }
  }
}
